// !$*UTF8*$!
{
	archiveVersion = 1;
	classes = {
	};
	objectVersion = 46;
	objects = {

/* Begin PBXBuildFile section */
		EC7B0D341D540CCA005E7669 /* main.m in Sources */ = {isa = PBXBuildFile; fileRef = EC7B0D331D540CCA005E7669 /* main.m */; };
		EC7B0D371D540CCA005E7669 /* AppDelegate.m in Sources */ = {isa = PBXBuildFile; fileRef = EC7B0D361D540CCA005E7669 /* AppDelegate.m */; };
		EC7B0D3A1D540CCA005E7669 /* MasterViewController.m in Sources */ = {isa = PBXBuildFile; fileRef = EC7B0D391D540CCA005E7669 /* MasterViewController.m */; };
		EC7B0D3D1D540CCA005E7669 /* DetailViewController.m in Sources */ = {isa = PBXBuildFile; fileRef = EC7B0D3C1D540CCA005E7669 /* DetailViewController.m */; };
		EC7B0D401D540CCA005E7669 /* Main.storyboard in Resources */ = {isa = PBXBuildFile; fileRef = EC7B0D3E1D540CCA005E7669 /* Main.storyboard */; };
		EC7B0D421D540CCA005E7669 /* Assets.xcassets in Resources */ = {isa = PBXBuildFile; fileRef = EC7B0D411D540CCA005E7669 /* Assets.xcassets */; };
		EC7B0D451D540CCA005E7669 /* LaunchScreen.storyboard in Resources */ = {isa = PBXBuildFile; fileRef = EC7B0D431D540CCA005E7669 /* LaunchScreen.storyboard */; };
		EC7B0D5D1D540D50005E7669 /* MHFoundation.framework in Frameworks */ = {isa = PBXBuildFile; fileRef = EC7B0D591D540D38005E7669 /* MHFoundation.framework */; };
		EC7B0D5E1D540D50005E7669 /* MHFoundation.framework in Embed Frameworks */ = {isa = PBXBuildFile; fileRef = EC7B0D591D540D38005E7669 /* MHFoundation.framework */; settings = {ATTRIBUTES = (CodeSignOnCopy, RemoveHeadersOnCopy, ); }; };
		EC7B0D631D540E3B005E7669 /* MyOperation.m in Sources */ = {isa = PBXBuildFile; fileRef = EC7B0D621D540E3B005E7669 /* MyOperation.m */; };
/* End PBXBuildFile section */

/* Begin PBXContainerItemProxy section */
		EC7B0D581D540D38005E7669 /* PBXContainerItemProxy */ = {
			isa = PBXContainerItemProxy;
			containerPortal = EC7B0D531D540D38005E7669 /* MHFoundation.xcodeproj */;
			proxyType = 2;
			remoteGlobalIDString = EC31444D1D073A1A0025F669;
			remoteInfo = MHFoundation;
		};
		EC7B0D5A1D540D38005E7669 /* PBXContainerItemProxy */ = {
			isa = PBXContainerItemProxy;
			containerPortal = EC7B0D531D540D38005E7669 /* MHFoundation.xcodeproj */;
			proxyType = 2;
			remoteGlobalIDString = EC3144571D073A1A0025F669;
			remoteInfo = MHFoundationTests;
		};
		EC7B0D5F1D540D50005E7669 /* PBXContainerItemProxy */ = {
			isa = PBXContainerItemProxy;
			containerPortal = EC7B0D531D540D38005E7669 /* MHFoundation.xcodeproj */;
			proxyType = 1;
			remoteGlobalIDString = EC31444C1D073A1A0025F669;
			remoteInfo = MHFoundation;
		};
/* End PBXContainerItemProxy section */

/* Begin PBXCopyFilesBuildPhase section */
		EC7B0D521D540D23005E7669 /* Embed Frameworks */ = {
			isa = PBXCopyFilesBuildPhase;
			buildActionMask = 2147483647;
			dstPath = "";
			dstSubfolderSpec = 10;
			files = (
				EC7B0D5E1D540D50005E7669 /* MHFoundation.framework in Embed Frameworks */,
			);
			name = "Embed Frameworks";
			runOnlyForDeploymentPostprocessing = 0;
		};
/* End PBXCopyFilesBuildPhase section */

/* Begin PBXFileReference section */
		EC7B0D2F1D540CCA005E7669 /* MHFDemo.app */ = {isa = PBXFileReference; explicitFileType = wrapper.application; includeInIndex = 0; path = MHFDemo.app; sourceTree = BUILT_PRODUCTS_DIR; };
		EC7B0D331D540CCA005E7669 /* main.m */ = {isa = PBXFileReference; lastKnownFileType = sourcecode.c.objc; path = main.m; sourceTree = "<group>"; };
		EC7B0D351D540CCA005E7669 /* AppDelegate.h */ = {isa = PBXFileReference; lastKnownFileType = sourcecode.c.h; path = AppDelegate.h; sourceTree = "<group>"; };
		EC7B0D361D540CCA005E7669 /* AppDelegate.m */ = {isa = PBXFileReference; lastKnownFileType = sourcecode.c.objc; path = AppDelegate.m; sourceTree = "<group>"; };
		EC7B0D381D540CCA005E7669 /* MasterViewController.h */ = {isa = PBXFileReference; lastKnownFileType = sourcecode.c.h; path = MasterViewController.h; sourceTree = "<group>"; };
		EC7B0D391D540CCA005E7669 /* MasterViewController.m */ = {isa = PBXFileReference; lastKnownFileType = sourcecode.c.objc; path = MasterViewController.m; sourceTree = "<group>"; };
		EC7B0D3B1D540CCA005E7669 /* DetailViewController.h */ = {isa = PBXFileReference; lastKnownFileType = sourcecode.c.h; path = DetailViewController.h; sourceTree = "<group>"; };
		EC7B0D3C1D540CCA005E7669 /* DetailViewController.m */ = {isa = PBXFileReference; lastKnownFileType = sourcecode.c.objc; path = DetailViewController.m; sourceTree = "<group>"; };
		EC7B0D3F1D540CCA005E7669 /* Base */ = {isa = PBXFileReference; lastKnownFileType = file.storyboard; name = Base; path = Base.lproj/Main.storyboard; sourceTree = "<group>"; };
		EC7B0D411D540CCA005E7669 /* Assets.xcassets */ = {isa = PBXFileReference; lastKnownFileType = folder.assetcatalog; path = Assets.xcassets; sourceTree = "<group>"; };
		EC7B0D441D540CCA005E7669 /* Base */ = {isa = PBXFileReference; lastKnownFileType = file.storyboard; name = Base; path = Base.lproj/LaunchScreen.storyboard; sourceTree = "<group>"; };
		EC7B0D461D540CCA005E7669 /* Info.plist */ = {isa = PBXFileReference; lastKnownFileType = text.plist.xml; path = Info.plist; sourceTree = "<group>"; };
		EC7B0D531D540D38005E7669 /* MHFoundation.xcodeproj */ = {isa = PBXFileReference; lastKnownFileType = "wrapper.pb-project"; path = MHFoundation.xcodeproj; sourceTree = SOURCE_ROOT; };
		EC7B0D611D540E3B005E7669 /* MyOperation.h */ = {isa = PBXFileReference; fileEncoding = 4; lastKnownFileType = sourcecode.c.h; path = MyOperation.h; sourceTree = "<group>"; };
		EC7B0D621D540E3B005E7669 /* MyOperation.m */ = {isa = PBXFileReference; fileEncoding = 4; lastKnownFileType = sourcecode.c.objc; path = MyOperation.m; sourceTree = "<group>"; };
/* End PBXFileReference section */

/* Begin PBXFrameworksBuildPhase section */
		EC7B0D2C1D540CCA005E7669 /* Frameworks */ = {
			isa = PBXFrameworksBuildPhase;
			buildActionMask = 2147483647;
			files = (
				EC7B0D5D1D540D50005E7669 /* MHFoundation.framework in Frameworks */,
			);
			runOnlyForDeploymentPostprocessing = 0;
		};
/* End PBXFrameworksBuildPhase section */

/* Begin PBXGroup section */
		EC7B0D261D540CCA005E7669 = {
			isa = PBXGroup;
			children = (
				EC7B0D311D540CCA005E7669 /* MHFDemo */,
				EC7B0D301D540CCA005E7669 /* Products */,
				EC7B0D5C1D540D3C005E7669 /* Frameworks */,
			);
			sourceTree = "<group>";
		};
		EC7B0D301D540CCA005E7669 /* Products */ = {
			isa = PBXGroup;
			children = (
				EC7B0D2F1D540CCA005E7669 /* MHFDemo.app */,
			);
			name = Products;
			sourceTree = "<group>";
		};
		EC7B0D311D540CCA005E7669 /* MHFDemo */ = {
			isa = PBXGroup;
			children = (
				EC7B0D611D540E3B005E7669 /* MyOperation.h */,
				EC7B0D621D540E3B005E7669 /* MyOperation.m */,
				EC7B0D351D540CCA005E7669 /* AppDelegate.h */,
				EC7B0D361D540CCA005E7669 /* AppDelegate.m */,
				EC7B0D381D540CCA005E7669 /* MasterViewController.h */,
				EC7B0D391D540CCA005E7669 /* MasterViewController.m */,
				EC7B0D3B1D540CCA005E7669 /* DetailViewController.h */,
				EC7B0D3C1D540CCA005E7669 /* DetailViewController.m */,
				EC7B0D3E1D540CCA005E7669 /* Main.storyboard */,
				EC7B0D411D540CCA005E7669 /* Assets.xcassets */,
				EC7B0D431D540CCA005E7669 /* LaunchScreen.storyboard */,
				EC7B0D461D540CCA005E7669 /* Info.plist */,
				EC7B0D321D540CCA005E7669 /* Supporting Files */,
			);
			path = MHFDemo;
			sourceTree = "<group>";
		};
		EC7B0D321D540CCA005E7669 /* Supporting Files */ = {
			isa = PBXGroup;
			children = (
				EC7B0D331D540CCA005E7669 /* main.m */,
			);
			name = "Supporting Files";
			sourceTree = "<group>";
		};
		EC7B0D541D540D38005E7669 /* Products */ = {
			isa = PBXGroup;
			children = (
				EC7B0D591D540D38005E7669 /* MHFoundation.framework */,
				EC7B0D5B1D540D38005E7669 /* MHFoundationTests.xctest */,
			);
			name = Products;
			sourceTree = "<group>";
		};
		EC7B0D5C1D540D3C005E7669 /* Frameworks */ = {
			isa = PBXGroup;
			children = (
				EC7B0D531D540D38005E7669 /* MHFoundation.xcodeproj */,
			);
			name = Frameworks;
			path = MHFDemo;
			sourceTree = "<group>";
		};
/* End PBXGroup section */

/* Begin PBXNativeTarget section */
		EC7B0D2E1D540CCA005E7669 /* MHFDemo */ = {
			isa = PBXNativeTarget;
			buildConfigurationList = EC7B0D491D540CCA005E7669 /* Build configuration list for PBXNativeTarget "MHFDemo" */;
			buildPhases = (
				EC7B0D2B1D540CCA005E7669 /* Sources */,
				EC7B0D2C1D540CCA005E7669 /* Frameworks */,
				EC7B0D2D1D540CCA005E7669 /* Resources */,
				EC7B0D521D540D23005E7669 /* Embed Frameworks */,
			);
			buildRules = (
			);
			dependencies = (
				EC7B0D601D540D50005E7669 /* PBXTargetDependency */,
			);
			name = MHFDemo;
			productName = MHFDemo;
			productReference = EC7B0D2F1D540CCA005E7669 /* MHFDemo.app */;
			productType = "com.apple.product-type.application";
		};
/* End PBXNativeTarget section */

/* Begin PBXProject section */
		EC7B0D271D540CCA005E7669 /* Project object */ = {
			isa = PBXProject;
			attributes = {
				LastUpgradeCheck = 0730;
				ORGANIZATIONNAME = "Malcolm Hall";
				TargetAttributes = {
					EC7B0D2E1D540CCA005E7669 = {
						CreatedOnToolsVersion = 7.3;
					};
				};
			};
			buildConfigurationList = EC7B0D2A1D540CCA005E7669 /* Build configuration list for PBXProject "MHFDemo" */;
			compatibilityVersion = "Xcode 3.2";
			developmentRegion = English;
			hasScannedForEncodings = 0;
			knownRegions = (
				en,
				Base,
			);
			mainGroup = EC7B0D261D540CCA005E7669;
			productRefGroup = EC7B0D301D540CCA005E7669 /* Products */;
			projectDirPath = "";
			projectReferences = (
				{
					ProductGroup = EC7B0D541D540D38005E7669 /* Products */;
					ProjectRef = EC7B0D531D540D38005E7669 /* MHFoundation.xcodeproj */;
				},
			);
			projectRoot = "";
			targets = (
				EC7B0D2E1D540CCA005E7669 /* MHFDemo */,
			);
		};
/* End PBXProject section */

/* Begin PBXReferenceProxy section */
		EC7B0D591D540D38005E7669 /* MHFoundation.framework */ = {
			isa = PBXReferenceProxy;
			fileType = wrapper.framework;
			path = MHFoundation.framework;
			remoteRef = EC7B0D581D540D38005E7669 /* PBXContainerItemProxy */;
			sourceTree = BUILT_PRODUCTS_DIR;
		};
		EC7B0D5B1D540D38005E7669 /* MHFoundationTests.xctest */ = {
			isa = PBXReferenceProxy;
			fileType = wrapper.cfbundle;
			path = MHFoundationTests.xctest;
			remoteRef = EC7B0D5A1D540D38005E7669 /* PBXContainerItemProxy */;
			sourceTree = BUILT_PRODUCTS_DIR;
		};
/* End PBXReferenceProxy section */

/* Begin PBXResourcesBuildPhase section */
		EC7B0D2D1D540CCA005E7669 /* Resources */ = {
			isa = PBXResourcesBuildPhase;
			buildActionMask = 2147483647;
			files = (
				EC7B0D451D540CCA005E7669 /* LaunchScreen.storyboard in Resources */,
				EC7B0D421D540CCA005E7669 /* Assets.xcassets in Resources */,
				EC7B0D401D540CCA005E7669 /* Main.storyboard in Resources */,
			);
			runOnlyForDeploymentPostprocessing = 0;
		};
/* End PBXResourcesBuildPhase section */

/* Begin PBXSourcesBuildPhase section */
		EC7B0D2B1D540CCA005E7669 /* Sources */ = {
			isa = PBXSourcesBuildPhase;
			buildActionMask = 2147483647;
			files = (
				EC7B0D371D540CCA005E7669 /* AppDelegate.m in Sources */,
				EC7B0D3A1D540CCA005E7669 /* MasterViewController.m in Sources */,
				EC7B0D341D540CCA005E7669 /* main.m in Sources */,
				EC7B0D631D540E3B005E7669 /* MyOperation.m in Sources */,
				EC7B0D3D1D540CCA005E7669 /* DetailViewController.m in Sources */,
			);
			runOnlyForDeploymentPostprocessing = 0;
		};
/* End PBXSourcesBuildPhase section */

/* Begin PBXTargetDependency section */
		EC7B0D601D540D50005E7669 /* PBXTargetDependency */ = {
			isa = PBXTargetDependency;
			name = MHFoundation;
			targetProxy = EC7B0D5F1D540D50005E7669 /* PBXContainerItemProxy */;
		};
/* End PBXTargetDependency section */

/* Begin PBXVariantGroup section */
		EC7B0D3E1D540CCA005E7669 /* Main.storyboard */ = {
			isa = PBXVariantGroup;
			children = (
				EC7B0D3F1D540CCA005E7669 /* Base */,
			);
			name = Main.storyboard;
			sourceTree = "<group>";
		};
		EC7B0D431D540CCA005E7669 /* LaunchScreen.storyboard */ = {
			isa = PBXVariantGroup;
			children = (
				EC7B0D441D540CCA005E7669 /* Base */,
			);
			name = LaunchScreen.storyboard;
			sourceTree = "<group>";
		};
/* End PBXVariantGroup section */

/* Begin XCBuildConfiguration section */
		EC7B0D471D540CCA005E7669 /* Debug */ = {
			isa = XCBuildConfiguration;
			buildSettings = {
				ALWAYS_SEARCH_USER_PATHS = NO;
				CLANG_ANALYZER_NONNULL = YES;
				CLANG_CXX_LANGUAGE_STANDARD = "gnu++0x";
				CLANG_CXX_LIBRARY = "libc++";
				CLANG_ENABLE_MODULES = YES;
				CLANG_ENABLE_OBJC_ARC = YES;
				CLANG_WARN_BOOL_CONVERSION = YES;
				CLANG_WARN_CONSTANT_CONVERSION = YES;
				CLANG_WARN_DIRECT_OBJC_ISA_USAGE = YES_ERROR;
				CLANG_WARN_EMPTY_BODY = YES;
				CLANG_WARN_ENUM_CONVERSION = YES;
				CLANG_WARN_INT_CONVERSION = YES;
				CLANG_WARN_OBJC_ROOT_CLASS = YES_ERROR;
				CLANG_WARN_UNREACHABLE_CODE = YES;
				CLANG_WARN__DUPLICATE_METHOD_MATCH = YES;
				"CODE_SIGN_IDENTITY[sdk=iphoneos*]" = "iPhone Developer";
				COPY_PHASE_STRIP = NO;
				DEBUG_INFORMATION_FORMAT = dwarf;
				ENABLE_STRICT_OBJC_MSGSEND = YES;
				ENABLE_TESTABILITY = YES;
				GCC_C_LANGUAGE_STANDARD = gnu99;
				GCC_DYNAMIC_NO_PIC = NO;
				GCC_NO_COMMON_BLOCKS = YES;
				GCC_OPTIMIZATION_LEVEL = 0;
				GCC_PREPROCESSOR_DEFINITIONS = (
					"DEBUG=1",
					"$(inherited)",
				);
				GCC_WARN_64_TO_32_BIT_CONVERSION = YES;
				GCC_WARN_ABOUT_RETURN_TYPE = YES_ERROR;
				GCC_WARN_UNDECLARED_SELECTOR = YES;
				GCC_WARN_UNINITIALIZED_AUTOS = YES_AGGRESSIVE;
				GCC_WARN_UNUSED_FUNCTION = YES;
				GCC_WARN_UNUSED_VARIABLE = YES;
				IPHONEOS_DEPLOYMENT_TARGET = 9.3;
				MTL_ENABLE_DEBUG_INFO = YES;
				ONLY_ACTIVE_ARCH = YES;
				SDKROOT = iphoneos;
			};
			name = Debug;
		};
		EC7B0D481D540CCA005E7669 /* Release */ = {
			isa = XCBuildConfiguration;
			buildSettings = {
				ALWAYS_SEARCH_USER_PATHS = NO;
				CLANG_ANALYZER_NONNULL = YES;
				CLANG_CXX_LANGUAGE_STANDARD = "gnu++0x";
				CLANG_CXX_LIBRARY = "libc++";
				CLANG_ENABLE_MODULES = YES;
				CLANG_ENABLE_OBJC_ARC = YES;
				CLANG_WARN_BOOL_CONVERSION = YES;
				CLANG_WARN_CONSTANT_CONVERSION = YES;
				CLANG_WARN_DIRECT_OBJC_ISA_USAGE = YES_ERROR;
				CLANG_WARN_EMPTY_BODY = YES;
				CLANG_WARN_ENUM_CONVERSION = YES;
				CLANG_WARN_INT_CONVERSION = YES;
				CLANG_WARN_OBJC_ROOT_CLASS = YES_ERROR;
				CLANG_WARN_UNREACHABLE_CODE = YES;
				CLANG_WARN__DUPLICATE_METHOD_MATCH = YES;
				"CODE_SIGN_IDENTITY[sdk=iphoneos*]" = "iPhone Developer";
				COPY_PHASE_STRIP = NO;
				DEBUG_INFORMATION_FORMAT = "dwarf-with-dsym";
				ENABLE_NS_ASSERTIONS = NO;
				ENABLE_STRICT_OBJC_MSGSEND = YES;
				GCC_C_LANGUAGE_STANDARD = gnu99;
				GCC_NO_COMMON_BLOCKS = YES;
				GCC_WARN_64_TO_32_BIT_CONVERSION = YES;
				GCC_WARN_ABOUT_RETURN_TYPE = YES_ERROR;
				GCC_WARN_UNDECLARED_SELECTOR = YES;
				GCC_WARN_UNINITIALIZED_AUTOS = YES_AGGRESSIVE;
				GCC_WARN_UNUSED_FUNCTION = YES;
				GCC_WARN_UNUSED_VARIABLE = YES;
				IPHONEOS_DEPLOYMENT_TARGET = 9.3;
				MTL_ENABLE_DEBUG_INFO = NO;
				SDKROOT = iphoneos;
				VALIDATE_PRODUCT = YES;
			};
			name = Release;
		};
		EC7B0D4A1D540CCA005E7669 /* Debug */ = {
			isa = XCBuildConfiguration;
			buildSettings = {
				ASSETCATALOG_COMPILER_APPICON_NAME = AppIcon;
				FRAMEWORK_SEARCH_PATHS = (
					"$(inherited)",
					"../../build/$(CONFIGURATION)$(EFFECTIVE_PLATFORM_NAME)",
				);
				INFOPLIST_FILE = MHFDemo/Info.plist;
				LD_RUNPATH_SEARCH_PATHS = "$(inherited) @executable_path/Frameworks";
				PRODUCT_BUNDLE_IDENTIFIER = com.malhal.MHFDemo;
				PRODUCT_NAME = "$(TARGET_NAME)";
			};
			name = Debug;
		};
		EC7B0D4B1D540CCA005E7669 /* Release */ = {
			isa = XCBuildConfiguration;
			buildSettings = {
				ASSETCATALOG_COMPILER_APPICON_NAME = AppIcon;
				FRAMEWORK_SEARCH_PATHS = (
					"$(inherited)",
					"../../build/$(CONFIGURATION)$(EFFECTIVE_PLATFORM_NAME)",
				);
				INFOPLIST_FILE = MHFDemo/Info.plist;
				LD_RUNPATH_SEARCH_PATHS = "$(inherited) @executable_path/Frameworks";
				PRODUCT_BUNDLE_IDENTIFIER = com.malhal.MHFDemo;
				PRODUCT_NAME = "$(TARGET_NAME)";
			};
			name = Release;
		};
/* End XCBuildConfiguration section */

/* Begin XCConfigurationList section */
		EC7B0D2A1D540CCA005E7669 /* Build configuration list for PBXProject "MHFDemo" */ = {
			isa = XCConfigurationList;
			buildConfigurations = (
				EC7B0D471D540CCA005E7669 /* Debug */,
				EC7B0D481D540CCA005E7669 /* Release */,
			);
			defaultConfigurationIsVisible = 0;
			defaultConfigurationName = Release;
		};
		EC7B0D491D540CCA005E7669 /* Build configuration list for PBXNativeTarget "MHFDemo" */ = {
			isa = XCConfigurationList;
			buildConfigurations = (
				EC7B0D4A1D540CCA005E7669 /* Debug */,
				EC7B0D4B1D540CCA005E7669 /* Release */,
			);
			defaultConfigurationIsVisible = 0;
			defaultConfigurationName = Release;
		};
/* End XCConfigurationList section */
	};
	rootObject = EC7B0D271D540CCA005E7669 /* Project object */;
}
