// !$*UTF8*$!
{
	archiveVersion = 1;
	classes = {
	};
	objectVersion = 46;
	objects = {

/* Begin PBXAggregateTarget section */
		EC67599D1DB15F1700838798 /* Namespace */ = {
			isa = PBXAggregateTarget;
			buildConfigurationList = EC6759A01DB15F1700838798 /* Build configuration list for PBXAggregateTarget "Namespace" */;
			buildPhases = (
				EC6759A11DB15F3100838798 /* ShellScript */,
			);
			dependencies = (
				EC6759A31DB15F4100838798 /* PBXTargetDependency */,
			);
			name = Namespace;
			productName = Namespace;
		};
/* End PBXAggregateTarget section */

/* Begin PBXBuildFile section */
		EC07F1571D4CDEC800A28610 /* NSError+MHF.h in Headers */ = {isa = PBXBuildFile; fileRef = EC07F1551D4CDEC800A28610 /* NSError+MHF.h */; settings = {ATTRIBUTES = (Public, ); }; };
		EC07F1581D4CDEC800A28610 /* NSError+MHF.m in Sources */ = {isa = PBXBuildFile; fileRef = EC07F1561D4CDEC800A28610 /* NSError+MHF.m */; };
		EC3144511D073A1A0025F669 /* MHFoundation.h in Headers */ = {isa = PBXBuildFile; fileRef = EC3144501D073A1A0025F669 /* MHFoundation.h */; settings = {ATTRIBUTES = (Public, ); }; };
		EC3144581D073A1A0025F669 /* MHFoundation.framework in Frameworks */ = {isa = PBXBuildFile; fileRef = EC31444D1D073A1A0025F669 /* MHFoundation.framework */; };
		EC31445D1D073A1A0025F669 /* MHFoundationTests.m in Sources */ = {isa = PBXBuildFile; fileRef = EC31445C1D073A1A0025F669 /* MHFoundationTests.m */; };
		EC3144751D073AC10025F669 /* MHFAsyncOperation.h in Headers */ = {isa = PBXBuildFile; fileRef = EC3144671D073AC10025F669 /* MHFAsyncOperation.h */; settings = {ATTRIBUTES = (Public, ); }; };
		EC3144761D073AC10025F669 /* MHFAsyncOperation.m in Sources */ = {isa = PBXBuildFile; fileRef = EC3144681D073AC10025F669 /* MHFAsyncOperation.m */; };
		EC3144791D073AC10025F669 /* MHFRunLoopOperation.h in Headers */ = {isa = PBXBuildFile; fileRef = EC31446B1D073AC10025F669 /* MHFRunLoopOperation.h */; settings = {ATTRIBUTES = (Public, ); }; };
		EC31447A1D073AC10025F669 /* MHFRunLoopOperation.m in Sources */ = {isa = PBXBuildFile; fileRef = EC31446C1D073AC10025F669 /* MHFRunLoopOperation.m */; };
		EC31447D1D073AC10025F669 /* NSArray+MHF.h in Headers */ = {isa = PBXBuildFile; fileRef = EC31446F1D073AC10025F669 /* NSArray+MHF.h */; settings = {ATTRIBUTES = (Public, ); }; };
		EC31447E1D073AC10025F669 /* NSArray+MHF.m in Sources */ = {isa = PBXBuildFile; fileRef = EC3144701D073AC10025F669 /* NSArray+MHF.m */; };
		EC31447F1D073AC10025F669 /* NSDictionary+MHF.h in Headers */ = {isa = PBXBuildFile; fileRef = EC3144711D073AC10025F669 /* NSDictionary+MHF.h */; settings = {ATTRIBUTES = (Public, ); }; };
		EC3144801D073AC10025F669 /* NSDictionary+MHF.m in Sources */ = {isa = PBXBuildFile; fileRef = EC3144721D073AC10025F669 /* NSDictionary+MHF.m */; };
		EC6408D31DBAA6CC00AF9016 /* NSURL+MHF.h in Headers */ = {isa = PBXBuildFile; fileRef = EC6408D11DBAA6CC00AF9016 /* NSURL+MHF.h */; settings = {ATTRIBUTES = (Public, ); }; };
		EC6408D41DBAA6CC00AF9016 /* NSURL+MHF.m in Sources */ = {isa = PBXBuildFile; fileRef = EC6408D21DBAA6CC00AF9016 /* NSURL+MHF.m */; };
		EC67583F1DAF0DD300838798 /* MHFHTTP.h in Headers */ = {isa = PBXBuildFile; fileRef = EC67583D1DAF0DD300838798 /* MHFHTTP.h */; settings = {ATTRIBUTES = (Public, ); }; };
		EC6758401DAF0DD300838798 /* MHFHTTP.m in Sources */ = {isa = PBXBuildFile; fileRef = EC67583E1DAF0DD300838798 /* MHFHTTP.m */; };
		EC6758E91DB0376900838798 /* NSOperationQueue+MHF.h in Headers */ = {isa = PBXBuildFile; fileRef = EC6758E71DB0376900838798 /* NSOperationQueue+MHF.h */; settings = {ATTRIBUTES = (Public, ); }; };
		EC6758EA1DB0376900838798 /* NSOperationQueue+MHF.m in Sources */ = {isa = PBXBuildFile; fileRef = EC6758E81DB0376900838798 /* NSOperationQueue+MHF.m */; };
		EC6758FB1DB0637000838798 /* MHFAsyncOperationSubclass.h in Headers */ = {isa = PBXBuildFile; fileRef = EC6758F91DB0637000838798 /* MHFAsyncOperationSubclass.h */; settings = {ATTRIBUTES = (Private, ); }; };
		EC6758FC1DB0637000838798 /* MHFRESTOperation_Private.h in Headers */ = {isa = PBXBuildFile; fileRef = EC6758FA1DB0637000838798 /* MHFRESTOperation_Private.h */; settings = {ATTRIBUTES = (Private, ); }; };
		EC6758FE1DB063A400838798 /* MHFoundation_Private.h in Headers */ = {isa = PBXBuildFile; fileRef = EC6758FD1DB063A400838798 /* MHFoundation_Private.h */; settings = {ATTRIBUTES = (Private, ); }; };
		ECA372041D5279D900B9DA1B /* MHFQueueOperation.h in Headers */ = {isa = PBXBuildFile; fileRef = ECA372021D5279D900B9DA1B /* MHFQueueOperation.h */; settings = {ATTRIBUTES = (Public, ); }; };
		ECA372051D5279D900B9DA1B /* MHFQueueOperation.m in Sources */ = {isa = PBXBuildFile; fileRef = ECA372031D5279D900B9DA1B /* MHFQueueOperation.m */; };
		ECB16F751D96A95A003F987D /* MHFBatchRESTOperation.m in Sources */ = {isa = PBXBuildFile; fileRef = ECB16F731D96A95A003F987D /* MHFBatchRESTOperation.m */; };
		ECB16F761D96A95A003F987D /* MHFBatchRESTOperation.h in Headers */ = {isa = PBXBuildFile; fileRef = ECB16F741D96A95A003F987D /* MHFBatchRESTOperation.h */; settings = {ATTRIBUTES = (Public, ); }; };
		ECB16F791D97373C003F987D /* MHFError_Internal.h in Headers */ = {isa = PBXBuildFile; fileRef = ECB16F781D97373C003F987D /* MHFError_Internal.h */; };
		ECB213571D846A9600246A1F /* NSHTTPURLResponse+MHF.h in Headers */ = {isa = PBXBuildFile; fileRef = ECB213551D846A9600246A1F /* NSHTTPURLResponse+MHF.h */; settings = {ATTRIBUTES = (Public, ); }; };
		ECB213581D846A9600246A1F /* NSHTTPURLResponse+MHF.m in Sources */ = {isa = PBXBuildFile; fileRef = ECB213561D846A9600246A1F /* NSHTTPURLResponse+MHF.m */; };
		ECB2135B1D847E9700246A1F /* MHFRESTOperation.h in Headers */ = {isa = PBXBuildFile; fileRef = ECB213591D847E9700246A1F /* MHFRESTOperation.h */; settings = {ATTRIBUTES = (Public, ); }; };
		ECB2135C1D847E9700246A1F /* MHFRESTOperation.m in Sources */ = {isa = PBXBuildFile; fileRef = ECB2135A1D847E9700246A1F /* MHFRESTOperation.m */; };
		ECB213621D84B40A00246A1F /* MHFHTTPError.h in Headers */ = {isa = PBXBuildFile; fileRef = ECB213601D84B40A00246A1F /* MHFHTTPError.h */; settings = {ATTRIBUTES = (Public, ); }; };
		ECB213631D84B40A00246A1F /* MHFHTTPError.m in Sources */ = {isa = PBXBuildFile; fileRef = ECB213611D84B40A00246A1F /* MHFHTTPError.m */; };
		ECC69E901D7A33E100020DA1 /* NSMutableURLRequest+MHF.h in Headers */ = {isa = PBXBuildFile; fileRef = ECC69E8E1D7A33E100020DA1 /* NSMutableURLRequest+MHF.h */; settings = {ATTRIBUTES = (Public, ); }; };
		ECC69E911D7A33E100020DA1 /* NSMutableURLRequest+MHF.m in Sources */ = {isa = PBXBuildFile; fileRef = ECC69E8F1D7A33E100020DA1 /* NSMutableURLRequest+MHF.m */; };
		ECC991341D0D54A4000F5EFB /* MHFDefines.h in Headers */ = {isa = PBXBuildFile; fileRef = ECC991321D0D54A4000F5EFB /* MHFDefines.h */; settings = {ATTRIBUTES = (Public, ); }; };
		ECC991381D0D74FD000F5EFB /* MHFError.h in Headers */ = {isa = PBXBuildFile; fileRef = ECC991361D0D74FD000F5EFB /* MHFError.h */; settings = {ATTRIBUTES = (Public, ); }; };
		ECC991391D0D74FD000F5EFB /* MHFError.m in Sources */ = {isa = PBXBuildFile; fileRef = ECC991371D0D74FD000F5EFB /* MHFError.m */; };
		ECD142CE1DB92287000B38AC /* MHFDefines+Namespace.h in Headers */ = {isa = PBXBuildFile; fileRef = ECD142CD1DB92287000B38AC /* MHFDefines+Namespace.h */; settings = {ATTRIBUTES = (Public, ); }; };
		ECFB0F771D7B1C1F00CC2BC3 /* NSURLSessionDataTask+MHF.h in Headers */ = {isa = PBXBuildFile; fileRef = ECFB0F751D7B1C1F00CC2BC3 /* NSURLSessionDataTask+MHF.h */; settings = {ATTRIBUTES = (Public, ); }; };
		ECFB0F781D7B1C1F00CC2BC3 /* NSURLSessionDataTask+MHF.m in Sources */ = {isa = PBXBuildFile; fileRef = ECFB0F761D7B1C1F00CC2BC3 /* NSURLSessionDataTask+MHF.m */; };
		ECFB0F801D7B895F00CC2BC3 /* MHFURLSessionTaskOperation.h in Headers */ = {isa = PBXBuildFile; fileRef = ECFB0F7E1D7B895F00CC2BC3 /* MHFURLSessionTaskOperation.h */; settings = {ATTRIBUTES = (Public, ); }; };
		ECFB0F811D7B895F00CC2BC3 /* MHFURLSessionTaskOperation.m in Sources */ = {isa = PBXBuildFile; fileRef = ECFB0F7F1D7B895F00CC2BC3 /* MHFURLSessionTaskOperation.m */; };
		ECFB0F841D7B952900CC2BC3 /* NSURLSession+MHF.h in Headers */ = {isa = PBXBuildFile; fileRef = ECFB0F821D7B952900CC2BC3 /* NSURLSession+MHF.h */; settings = {ATTRIBUTES = (Public, ); }; };
		ECFB0F851D7B952900CC2BC3 /* NSURLSession+MHF.m in Sources */ = {isa = PBXBuildFile; fileRef = ECFB0F831D7B952900CC2BC3 /* NSURLSession+MHF.m */; };
		ECFB0F931D7CF2E100CC2BC3 /* NSUUID+MHF.h in Headers */ = {isa = PBXBuildFile; fileRef = ECFB0F911D7CF2E100CC2BC3 /* NSUUID+MHF.h */; settings = {ATTRIBUTES = (Public, ); }; };
		ECFB0F941D7CF2E100CC2BC3 /* NSUUID+MHF.m in Sources */ = {isa = PBXBuildFile; fileRef = ECFB0F921D7CF2E100CC2BC3 /* NSUUID+MHF.m */; };
		ECFD7F721D44087000449373 /* NSDate+MHF.h in Headers */ = {isa = PBXBuildFile; fileRef = ECFD7F701D44087000449373 /* NSDate+MHF.h */; settings = {ATTRIBUTES = (Public, ); }; };
		ECFD7F731D44087000449373 /* NSDate+MHF.m in Sources */ = {isa = PBXBuildFile; fileRef = ECFD7F711D44087000449373 /* NSDate+MHF.m */; };
/* End PBXBuildFile section */

/* Begin PBXContainerItemProxy section */
		EC3144591D073A1A0025F669 /* PBXContainerItemProxy */ = {
			isa = PBXContainerItemProxy;
			containerPortal = EC3144441D073A1A0025F669 /* Project object */;
			proxyType = 1;
			remoteGlobalIDString = EC31444C1D073A1A0025F669;
			remoteInfo = MHFoundation;
		};
		EC6759A21DB15F4100838798 /* PBXContainerItemProxy */ = {
			isa = PBXContainerItemProxy;
			containerPortal = EC3144441D073A1A0025F669 /* Project object */;
			proxyType = 1;
			remoteGlobalIDString = EC31444C1D073A1A0025F669;
			remoteInfo = MHFoundation;
		};
/* End PBXContainerItemProxy section */

/* Begin PBXFileReference section */
		EC07F1551D4CDEC800A28610 /* NSError+MHF.h */ = {isa = PBXFileReference; fileEncoding = 4; lastKnownFileType = sourcecode.c.h; path = "NSError+MHF.h"; sourceTree = "<group>"; };
		EC07F1561D4CDEC800A28610 /* NSError+MHF.m */ = {isa = PBXFileReference; fileEncoding = 4; lastKnownFileType = sourcecode.c.objc; path = "NSError+MHF.m"; sourceTree = "<group>"; };
		EC31444D1D073A1A0025F669 /* MHFoundation.framework */ = {isa = PBXFileReference; explicitFileType = wrapper.framework; includeInIndex = 0; path = MHFoundation.framework; sourceTree = BUILT_PRODUCTS_DIR; };
		EC3144501D073A1A0025F669 /* MHFoundation.h */ = {isa = PBXFileReference; lastKnownFileType = sourcecode.c.h; path = MHFoundation.h; sourceTree = "<group>"; };
		EC3144521D073A1A0025F669 /* Info.plist */ = {isa = PBXFileReference; lastKnownFileType = text.plist.xml; path = Info.plist; sourceTree = "<group>"; };
		EC3144571D073A1A0025F669 /* MHFoundationTests.xctest */ = {isa = PBXFileReference; explicitFileType = wrapper.cfbundle; includeInIndex = 0; path = MHFoundationTests.xctest; sourceTree = BUILT_PRODUCTS_DIR; };
		EC31445C1D073A1A0025F669 /* MHFoundationTests.m */ = {isa = PBXFileReference; lastKnownFileType = sourcecode.c.objc; path = MHFoundationTests.m; sourceTree = "<group>"; };
		EC31445E1D073A1A0025F669 /* Info.plist */ = {isa = PBXFileReference; lastKnownFileType = text.plist.xml; path = Info.plist; sourceTree = "<group>"; };
		EC3144671D073AC10025F669 /* MHFAsyncOperation.h */ = {isa = PBXFileReference; fileEncoding = 4; lastKnownFileType = sourcecode.c.h; path = MHFAsyncOperation.h; sourceTree = "<group>"; };
		EC3144681D073AC10025F669 /* MHFAsyncOperation.m */ = {isa = PBXFileReference; fileEncoding = 4; lastKnownFileType = sourcecode.c.objc; path = MHFAsyncOperation.m; sourceTree = "<group>"; };
		EC31446B1D073AC10025F669 /* MHFRunLoopOperation.h */ = {isa = PBXFileReference; fileEncoding = 4; lastKnownFileType = sourcecode.c.h; path = MHFRunLoopOperation.h; sourceTree = "<group>"; };
		EC31446C1D073AC10025F669 /* MHFRunLoopOperation.m */ = {isa = PBXFileReference; fileEncoding = 4; lastKnownFileType = sourcecode.c.objc; path = MHFRunLoopOperation.m; sourceTree = "<group>"; };
		EC31446F1D073AC10025F669 /* NSArray+MHF.h */ = {isa = PBXFileReference; fileEncoding = 4; lastKnownFileType = sourcecode.c.h; path = "NSArray+MHF.h"; sourceTree = "<group>"; };
		EC3144701D073AC10025F669 /* NSArray+MHF.m */ = {isa = PBXFileReference; fileEncoding = 4; lastKnownFileType = sourcecode.c.objc; path = "NSArray+MHF.m"; sourceTree = "<group>"; };
		EC3144711D073AC10025F669 /* NSDictionary+MHF.h */ = {isa = PBXFileReference; fileEncoding = 4; lastKnownFileType = sourcecode.c.h; path = "NSDictionary+MHF.h"; sourceTree = "<group>"; };
		EC3144721D073AC10025F669 /* NSDictionary+MHF.m */ = {isa = PBXFileReference; fileEncoding = 4; lastKnownFileType = sourcecode.c.objc; path = "NSDictionary+MHF.m"; sourceTree = "<group>"; };
		EC6408D11DBAA6CC00AF9016 /* NSURL+MHF.h */ = {isa = PBXFileReference; fileEncoding = 4; lastKnownFileType = sourcecode.c.h; path = "NSURL+MHF.h"; sourceTree = "<group>"; };
		EC6408D21DBAA6CC00AF9016 /* NSURL+MHF.m */ = {isa = PBXFileReference; fileEncoding = 4; lastKnownFileType = sourcecode.c.objc; path = "NSURL+MHF.m"; sourceTree = "<group>"; };
		EC67583D1DAF0DD300838798 /* MHFHTTP.h */ = {isa = PBXFileReference; fileEncoding = 4; lastKnownFileType = sourcecode.c.h; path = MHFHTTP.h; sourceTree = "<group>"; };
		EC67583E1DAF0DD300838798 /* MHFHTTP.m */ = {isa = PBXFileReference; fileEncoding = 4; lastKnownFileType = sourcecode.c.objc; path = MHFHTTP.m; sourceTree = "<group>"; };
		EC6758E71DB0376900838798 /* NSOperationQueue+MHF.h */ = {isa = PBXFileReference; fileEncoding = 4; lastKnownFileType = sourcecode.c.h; path = "NSOperationQueue+MHF.h"; sourceTree = "<group>"; };
		EC6758E81DB0376900838798 /* NSOperationQueue+MHF.m */ = {isa = PBXFileReference; fileEncoding = 4; lastKnownFileType = sourcecode.c.objc; path = "NSOperationQueue+MHF.m"; sourceTree = "<group>"; };
		EC6758F91DB0637000838798 /* MHFAsyncOperationSubclass.h */ = {isa = PBXFileReference; fileEncoding = 4; lastKnownFileType = sourcecode.c.h; path = MHFAsyncOperationSubclass.h; sourceTree = "<group>"; };
		EC6758FA1DB0637000838798 /* MHFRESTOperation_Private.h */ = {isa = PBXFileReference; fileEncoding = 4; lastKnownFileType = sourcecode.c.h; path = MHFRESTOperation_Private.h; sourceTree = "<group>"; };
		EC6758FD1DB063A400838798 /* MHFoundation_Private.h */ = {isa = PBXFileReference; fileEncoding = 4; lastKnownFileType = sourcecode.c.h; path = MHFoundation_Private.h; sourceTree = "<group>"; };
		ECA372021D5279D900B9DA1B /* MHFQueueOperation.h */ = {isa = PBXFileReference; fileEncoding = 4; lastKnownFileType = sourcecode.c.h; path = MHFQueueOperation.h; sourceTree = "<group>"; };
		ECA372031D5279D900B9DA1B /* MHFQueueOperation.m */ = {isa = PBXFileReference; fileEncoding = 4; lastKnownFileType = sourcecode.c.objc; path = MHFQueueOperation.m; sourceTree = "<group>"; };
		ECB16F731D96A95A003F987D /* MHFBatchRESTOperation.m */ = {isa = PBXFileReference; fileEncoding = 4; lastKnownFileType = sourcecode.c.objc; path = MHFBatchRESTOperation.m; sourceTree = "<group>"; };
		ECB16F741D96A95A003F987D /* MHFBatchRESTOperation.h */ = {isa = PBXFileReference; fileEncoding = 4; lastKnownFileType = sourcecode.c.h; path = MHFBatchRESTOperation.h; sourceTree = "<group>"; };
		ECB16F781D97373C003F987D /* MHFError_Internal.h */ = {isa = PBXFileReference; fileEncoding = 4; lastKnownFileType = sourcecode.c.h; path = MHFError_Internal.h; sourceTree = "<group>"; };
		ECB213551D846A9600246A1F /* NSHTTPURLResponse+MHF.h */ = {isa = PBXFileReference; fileEncoding = 4; lastKnownFileType = sourcecode.c.h; path = "NSHTTPURLResponse+MHF.h"; sourceTree = "<group>"; };
		ECB213561D846A9600246A1F /* NSHTTPURLResponse+MHF.m */ = {isa = PBXFileReference; fileEncoding = 4; lastKnownFileType = sourcecode.c.objc; path = "NSHTTPURLResponse+MHF.m"; sourceTree = "<group>"; };
		ECB213591D847E9700246A1F /* MHFRESTOperation.h */ = {isa = PBXFileReference; fileEncoding = 4; lastKnownFileType = sourcecode.c.h; path = MHFRESTOperation.h; sourceTree = "<group>"; };
		ECB2135A1D847E9700246A1F /* MHFRESTOperation.m */ = {isa = PBXFileReference; fileEncoding = 4; lastKnownFileType = sourcecode.c.objc; path = MHFRESTOperation.m; sourceTree = "<group>"; };
		ECB213601D84B40A00246A1F /* MHFHTTPError.h */ = {isa = PBXFileReference; fileEncoding = 4; lastKnownFileType = sourcecode.c.h; path = MHFHTTPError.h; sourceTree = "<group>"; };
		ECB213611D84B40A00246A1F /* MHFHTTPError.m */ = {isa = PBXFileReference; fileEncoding = 4; lastKnownFileType = sourcecode.c.objc; path = MHFHTTPError.m; sourceTree = "<group>"; };
		ECC69E8E1D7A33E100020DA1 /* NSMutableURLRequest+MHF.h */ = {isa = PBXFileReference; fileEncoding = 4; lastKnownFileType = sourcecode.c.h; path = "NSMutableURLRequest+MHF.h"; sourceTree = "<group>"; };
		ECC69E8F1D7A33E100020DA1 /* NSMutableURLRequest+MHF.m */ = {isa = PBXFileReference; fileEncoding = 4; lastKnownFileType = sourcecode.c.objc; path = "NSMutableURLRequest+MHF.m"; sourceTree = "<group>"; };
		ECC991321D0D54A4000F5EFB /* MHFDefines.h */ = {isa = PBXFileReference; fileEncoding = 4; lastKnownFileType = sourcecode.c.h; path = MHFDefines.h; sourceTree = "<group>"; };
		ECC991361D0D74FD000F5EFB /* MHFError.h */ = {isa = PBXFileReference; fileEncoding = 4; lastKnownFileType = sourcecode.c.h; path = MHFError.h; sourceTree = "<group>"; };
		ECC991371D0D74FD000F5EFB /* MHFError.m */ = {isa = PBXFileReference; fileEncoding = 4; lastKnownFileType = sourcecode.c.objc; path = MHFError.m; sourceTree = "<group>"; };
		ECD142CD1DB92287000B38AC /* MHFDefines+Namespace.h */ = {isa = PBXFileReference; fileEncoding = 4; lastKnownFileType = sourcecode.c.h; path = "MHFDefines+Namespace.h"; sourceTree = "<group>"; };
		ECFB0F751D7B1C1F00CC2BC3 /* NSURLSessionDataTask+MHF.h */ = {isa = PBXFileReference; fileEncoding = 4; lastKnownFileType = sourcecode.c.h; path = "NSURLSessionDataTask+MHF.h"; sourceTree = "<group>"; };
		ECFB0F761D7B1C1F00CC2BC3 /* NSURLSessionDataTask+MHF.m */ = {isa = PBXFileReference; fileEncoding = 4; lastKnownFileType = sourcecode.c.objc; path = "NSURLSessionDataTask+MHF.m"; sourceTree = "<group>"; };
		ECFB0F7E1D7B895F00CC2BC3 /* MHFURLSessionTaskOperation.h */ = {isa = PBXFileReference; fileEncoding = 4; lastKnownFileType = sourcecode.c.h; path = MHFURLSessionTaskOperation.h; sourceTree = "<group>"; };
		ECFB0F7F1D7B895F00CC2BC3 /* MHFURLSessionTaskOperation.m */ = {isa = PBXFileReference; fileEncoding = 4; lastKnownFileType = sourcecode.c.objc; path = MHFURLSessionTaskOperation.m; sourceTree = "<group>"; };
		ECFB0F821D7B952900CC2BC3 /* NSURLSession+MHF.h */ = {isa = PBXFileReference; fileEncoding = 4; lastKnownFileType = sourcecode.c.h; path = "NSURLSession+MHF.h"; sourceTree = "<group>"; };
		ECFB0F831D7B952900CC2BC3 /* NSURLSession+MHF.m */ = {isa = PBXFileReference; fileEncoding = 4; lastKnownFileType = sourcecode.c.objc; path = "NSURLSession+MHF.m"; sourceTree = "<group>"; };
		ECFB0F911D7CF2E100CC2BC3 /* NSUUID+MHF.h */ = {isa = PBXFileReference; fileEncoding = 4; lastKnownFileType = sourcecode.c.h; path = "NSUUID+MHF.h"; sourceTree = "<group>"; };
		ECFB0F921D7CF2E100CC2BC3 /* NSUUID+MHF.m */ = {isa = PBXFileReference; fileEncoding = 4; lastKnownFileType = sourcecode.c.objc; path = "NSUUID+MHF.m"; sourceTree = "<group>"; };
		ECFD7F701D44087000449373 /* NSDate+MHF.h */ = {isa = PBXFileReference; fileEncoding = 4; lastKnownFileType = sourcecode.c.h; path = "NSDate+MHF.h"; sourceTree = "<group>"; };
		ECFD7F711D44087000449373 /* NSDate+MHF.m */ = {isa = PBXFileReference; fileEncoding = 4; lastKnownFileType = sourcecode.c.objc; path = "NSDate+MHF.m"; sourceTree = "<group>"; };
/* End PBXFileReference section */

/* Begin PBXFrameworksBuildPhase section */
		EC3144491D073A1A0025F669 /* Frameworks */ = {
			isa = PBXFrameworksBuildPhase;
			buildActionMask = 2147483647;
			files = (
			);
			runOnlyForDeploymentPostprocessing = 0;
		};
		EC3144541D073A1A0025F669 /* Frameworks */ = {
			isa = PBXFrameworksBuildPhase;
			buildActionMask = 2147483647;
			files = (
				EC3144581D073A1A0025F669 /* MHFoundation.framework in Frameworks */,
			);
			runOnlyForDeploymentPostprocessing = 0;
		};
/* End PBXFrameworksBuildPhase section */

/* Begin PBXGroup section */
		EC3144431D073A1A0025F669 = {
			isa = PBXGroup;
			children = (
				EC31444F1D073A1A0025F669 /* MHFoundation */,
				EC31445B1D073A1A0025F669 /* MHFoundationTests */,
				EC31444E1D073A1A0025F669 /* Products */,
			);
			sourceTree = "<group>";
		};
		EC31444E1D073A1A0025F669 /* Products */ = {
			isa = PBXGroup;
			children = (
				EC31444D1D073A1A0025F669 /* MHFoundation.framework */,
				EC3144571D073A1A0025F669 /* MHFoundationTests.xctest */,
			);
			name = Products;
			sourceTree = "<group>";
		};
		EC31444F1D073A1A0025F669 /* MHFoundation */ = {
			isa = PBXGroup;
			children = (
				EC3144501D073A1A0025F669 /* MHFoundation.h */,
				EC6758FD1DB063A400838798 /* MHFoundation_Private.h */,
				ECC991321D0D54A4000F5EFB /* MHFDefines.h */,
				ECD142CD1DB92287000B38AC /* MHFDefines+Namespace.h */,
				ECFB0F7E1D7B895F00CC2BC3 /* MHFURLSessionTaskOperation.h */,
				ECFB0F7F1D7B895F00CC2BC3 /* MHFURLSessionTaskOperation.m */,
				ECB213591D847E9700246A1F /* MHFRESTOperation.h */,
				EC6758FA1DB0637000838798 /* MHFRESTOperation_Private.h */,
				ECB2135A1D847E9700246A1F /* MHFRESTOperation.m */,
				ECB16F741D96A95A003F987D /* MHFBatchRESTOperation.h */,
				ECB16F731D96A95A003F987D /* MHFBatchRESTOperation.m */,
				ECC69E8E1D7A33E100020DA1 /* NSMutableURLRequest+MHF.h */,
				ECC69E8F1D7A33E100020DA1 /* NSMutableURLRequest+MHF.m */,
				ECFB0F751D7B1C1F00CC2BC3 /* NSURLSessionDataTask+MHF.h */,
				ECFB0F761D7B1C1F00CC2BC3 /* NSURLSessionDataTask+MHF.m */,
				EC31446B1D073AC10025F669 /* MHFRunLoopOperation.h */,
				EC31446C1D073AC10025F669 /* MHFRunLoopOperation.m */,
				EC3144671D073AC10025F669 /* MHFAsyncOperation.h */,
				EC6758F91DB0637000838798 /* MHFAsyncOperationSubclass.h */,
				EC3144681D073AC10025F669 /* MHFAsyncOperation.m */,
				ECA372021D5279D900B9DA1B /* MHFQueueOperation.h */,
				ECA372031D5279D900B9DA1B /* MHFQueueOperation.m */,
				EC31446F1D073AC10025F669 /* NSArray+MHF.h */,
				EC3144701D073AC10025F669 /* NSArray+MHF.m */,
				EC3144711D073AC10025F669 /* NSDictionary+MHF.h */,
				EC3144721D073AC10025F669 /* NSDictionary+MHF.m */,
				ECB16F781D97373C003F987D /* MHFError_Internal.h */,
				ECC991361D0D74FD000F5EFB /* MHFError.h */,
				ECC991371D0D74FD000F5EFB /* MHFError.m */,
				ECB213601D84B40A00246A1F /* MHFHTTPError.h */,
				ECB213611D84B40A00246A1F /* MHFHTTPError.m */,
				EC07F1551D4CDEC800A28610 /* NSError+MHF.h */,
				EC07F1561D4CDEC800A28610 /* NSError+MHF.m */,
				ECFD7F701D44087000449373 /* NSDate+MHF.h */,
				ECFD7F711D44087000449373 /* NSDate+MHF.m */,
				ECFB0F821D7B952900CC2BC3 /* NSURLSession+MHF.h */,
				ECFB0F831D7B952900CC2BC3 /* NSURLSession+MHF.m */,
				ECFB0F911D7CF2E100CC2BC3 /* NSUUID+MHF.h */,
				ECFB0F921D7CF2E100CC2BC3 /* NSUUID+MHF.m */,
				ECB213551D846A9600246A1F /* NSHTTPURLResponse+MHF.h */,
				ECB213561D846A9600246A1F /* NSHTTPURLResponse+MHF.m */,
				EC67583D1DAF0DD300838798 /* MHFHTTP.h */,
				EC67583E1DAF0DD300838798 /* MHFHTTP.m */,
				EC6758E71DB0376900838798 /* NSOperationQueue+MHF.h */,
				EC6758E81DB0376900838798 /* NSOperationQueue+MHF.m */,
				EC3144521D073A1A0025F669 /* Info.plist */,
				EC6408D11DBAA6CC00AF9016 /* NSURL+MHF.h */,
				EC6408D21DBAA6CC00AF9016 /* NSURL+MHF.m */,
			);
			path = MHFoundation;
			sourceTree = "<group>";
		};
		EC31445B1D073A1A0025F669 /* MHFoundationTests */ = {
			isa = PBXGroup;
			children = (
				EC31445C1D073A1A0025F669 /* MHFoundationTests.m */,
				EC31445E1D073A1A0025F669 /* Info.plist */,
			);
			path = MHFoundationTests;
			sourceTree = "<group>";
		};
/* End PBXGroup section */

/* Begin PBXHeadersBuildPhase section */
		EC31444A1D073A1A0025F669 /* Headers */ = {
			isa = PBXHeadersBuildPhase;
			buildActionMask = 2147483647;
			files = (
				EC6758FC1DB0637000838798 /* MHFRESTOperation_Private.h in Headers */,
				ECB2135B1D847E9700246A1F /* MHFRESTOperation.h in Headers */,
				EC31447F1D073AC10025F669 /* NSDictionary+MHF.h in Headers */,
				ECA372041D5279D900B9DA1B /* MHFQueueOperation.h in Headers */,
				ECB213621D84B40A00246A1F /* MHFHTTPError.h in Headers */,
				EC67583F1DAF0DD300838798 /* MHFHTTP.h in Headers */,
				ECC991341D0D54A4000F5EFB /* MHFDefines.h in Headers */,
				EC6408D31DBAA6CC00AF9016 /* NSURL+MHF.h in Headers */,
				EC07F1571D4CDEC800A28610 /* NSError+MHF.h in Headers */,
				ECFB0F841D7B952900CC2BC3 /* NSURLSession+MHF.h in Headers */,
				EC6758FB1DB0637000838798 /* MHFAsyncOperationSubclass.h in Headers */,
				ECC69E901D7A33E100020DA1 /* NSMutableURLRequest+MHF.h in Headers */,
				EC3144511D073A1A0025F669 /* MHFoundation.h in Headers */,
				EC31447D1D073AC10025F669 /* NSArray+MHF.h in Headers */,
				EC3144791D073AC10025F669 /* MHFRunLoopOperation.h in Headers */,
				ECC991381D0D74FD000F5EFB /* MHFError.h in Headers */,
				EC3144751D073AC10025F669 /* MHFAsyncOperation.h in Headers */,
				ECD142CE1DB92287000B38AC /* MHFDefines+Namespace.h in Headers */,
				ECB16F761D96A95A003F987D /* MHFBatchRESTOperation.h in Headers */,
				ECB213571D846A9600246A1F /* NSHTTPURLResponse+MHF.h in Headers */,
				ECFB0F801D7B895F00CC2BC3 /* MHFURLSessionTaskOperation.h in Headers */,
				EC6758E91DB0376900838798 /* NSOperationQueue+MHF.h in Headers */,
				ECFB0F931D7CF2E100CC2BC3 /* NSUUID+MHF.h in Headers */,
				ECFD7F721D44087000449373 /* NSDate+MHF.h in Headers */,
				ECB16F791D97373C003F987D /* MHFError_Internal.h in Headers */,
				EC6758FE1DB063A400838798 /* MHFoundation_Private.h in Headers */,
				ECFB0F771D7B1C1F00CC2BC3 /* NSURLSessionDataTask+MHF.h in Headers */,
			);
			runOnlyForDeploymentPostprocessing = 0;
		};
/* End PBXHeadersBuildPhase section */

/* Begin PBXNativeTarget section */
		EC31444C1D073A1A0025F669 /* MHFoundation */ = {
			isa = PBXNativeTarget;
			buildConfigurationList = EC3144611D073A1A0025F669 /* Build configuration list for PBXNativeTarget "MHFoundation" */;
			buildPhases = (
				EC3144481D073A1A0025F669 /* Sources */,
				EC3144491D073A1A0025F669 /* Frameworks */,
				EC31444A1D073A1A0025F669 /* Headers */,
				EC31444B1D073A1A0025F669 /* Resources */,
			);
			buildRules = (
			);
			dependencies = (
			);
			name = MHFoundation;
			productName = MHFoundation;
			productReference = EC31444D1D073A1A0025F669 /* MHFoundation.framework */;
			productType = "com.apple.product-type.framework";
		};
		EC3144561D073A1A0025F669 /* MHFoundationTests */ = {
			isa = PBXNativeTarget;
			buildConfigurationList = EC3144641D073A1A0025F669 /* Build configuration list for PBXNativeTarget "MHFoundationTests" */;
			buildPhases = (
				EC3144531D073A1A0025F669 /* Sources */,
				EC3144541D073A1A0025F669 /* Frameworks */,
				EC3144551D073A1A0025F669 /* Resources */,
			);
			buildRules = (
			);
			dependencies = (
				EC31445A1D073A1A0025F669 /* PBXTargetDependency */,
			);
			name = MHFoundationTests;
			productName = MHFoundationTests;
			productReference = EC3144571D073A1A0025F669 /* MHFoundationTests.xctest */;
			productType = "com.apple.product-type.bundle.unit-test";
		};
/* End PBXNativeTarget section */

/* Begin PBXProject section */
		EC3144441D073A1A0025F669 /* Project object */ = {
			isa = PBXProject;
			attributes = {
				LastUpgradeCheck = 0730;
				ORGANIZATIONNAME = "Malcolm Hall";
				TargetAttributes = {
					EC31444C1D073A1A0025F669 = {
						CreatedOnToolsVersion = 7.3;
					};
					EC3144561D073A1A0025F669 = {
						CreatedOnToolsVersion = 7.3;
					};
					EC67599D1DB15F1700838798 = {
						CreatedOnToolsVersion = 7.3;
					};
				};
			};
			buildConfigurationList = EC3144471D073A1A0025F669 /* Build configuration list for PBXProject "MHFoundation" */;
			compatibilityVersion = "Xcode 3.2";
			developmentRegion = English;
			hasScannedForEncodings = 0;
			knownRegions = (
				en,
			);
			mainGroup = EC3144431D073A1A0025F669;
			productRefGroup = EC31444E1D073A1A0025F669 /* Products */;
			projectDirPath = "";
			projectRoot = "";
			targets = (
				EC31444C1D073A1A0025F669 /* MHFoundation */,
				EC3144561D073A1A0025F669 /* MHFoundationTests */,
				EC67599D1DB15F1700838798 /* Namespace */,
			);
		};
/* End PBXProject section */

/* Begin PBXResourcesBuildPhase section */
		EC31444B1D073A1A0025F669 /* Resources */ = {
			isa = PBXResourcesBuildPhase;
			buildActionMask = 2147483647;
			files = (
			);
			runOnlyForDeploymentPostprocessing = 0;
		};
		EC3144551D073A1A0025F669 /* Resources */ = {
			isa = PBXResourcesBuildPhase;
			buildActionMask = 2147483647;
			files = (
			);
			runOnlyForDeploymentPostprocessing = 0;
		};
/* End PBXResourcesBuildPhase section */

/* Begin PBXShellScriptBuildPhase section */
		EC6759A11DB15F3100838798 /* ShellScript */ = {
			isa = PBXShellScriptBuildPhase;
			buildActionMask = 2147483647;
			files = (
			);
			inputPaths = (
			);
			outputPaths = (
			);
			runOnlyForDeploymentPostprocessing = 0;
			shellPath = /bin/sh;
			shellScript = "dependencies/MHNamespaceGenerator/script.sh MHFoundation.framework MHFoundation MHF";
		};
/* End PBXShellScriptBuildPhase section */

/* Begin PBXSourcesBuildPhase section */
		EC3144481D073A1A0025F669 /* Sources */ = {
			isa = PBXSourcesBuildPhase;
			buildActionMask = 2147483647;
			files = (
				ECC991391D0D74FD000F5EFB /* MHFError.m in Sources */,
				ECB16F751D96A95A003F987D /* MHFBatchRESTOperation.m in Sources */,
				EC3144801D073AC10025F669 /* NSDictionary+MHF.m in Sources */,
				ECC69E911D7A33E100020DA1 /* NSMutableURLRequest+MHF.m in Sources */,
				ECFB0F781D7B1C1F00CC2BC3 /* NSURLSessionDataTask+MHF.m in Sources */,
				ECA372051D5279D900B9DA1B /* MHFQueueOperation.m in Sources */,
				ECFB0F941D7CF2E100CC2BC3 /* NSUUID+MHF.m in Sources */,
				ECB2135C1D847E9700246A1F /* MHFRESTOperation.m in Sources */,
				ECFD7F731D44087000449373 /* NSDate+MHF.m in Sources */,
				EC6758401DAF0DD300838798 /* MHFHTTP.m in Sources */,
				EC6408D41DBAA6CC00AF9016 /* NSURL+MHF.m in Sources */,
				ECB213631D84B40A00246A1F /* MHFHTTPError.m in Sources */,
				EC07F1581D4CDEC800A28610 /* NSError+MHF.m in Sources */,
				ECFB0F851D7B952900CC2BC3 /* NSURLSession+MHF.m in Sources */,
				ECB213581D846A9600246A1F /* NSHTTPURLResponse+MHF.m in Sources */,
				EC31447E1D073AC10025F669 /* NSArray+MHF.m in Sources */,
				EC6758EA1DB0376900838798 /* NSOperationQueue+MHF.m in Sources */,
				EC3144761D073AC10025F669 /* MHFAsyncOperation.m in Sources */,
				ECFB0F811D7B895F00CC2BC3 /* MHFURLSessionTaskOperation.m in Sources */,
				EC31447A1D073AC10025F669 /* MHFRunLoopOperation.m in Sources */,
			);
			runOnlyForDeploymentPostprocessing = 0;
		};
		EC3144531D073A1A0025F669 /* Sources */ = {
			isa = PBXSourcesBuildPhase;
			buildActionMask = 2147483647;
			files = (
				EC31445D1D073A1A0025F669 /* MHFoundationTests.m in Sources */,
			);
			runOnlyForDeploymentPostprocessing = 0;
		};
/* End PBXSourcesBuildPhase section */

/* Begin PBXTargetDependency section */
		EC31445A1D073A1A0025F669 /* PBXTargetDependency */ = {
			isa = PBXTargetDependency;
			target = EC31444C1D073A1A0025F669 /* MHFoundation */;
			targetProxy = EC3144591D073A1A0025F669 /* PBXContainerItemProxy */;
		};
		EC6759A31DB15F4100838798 /* PBXTargetDependency */ = {
			isa = PBXTargetDependency;
			target = EC31444C1D073A1A0025F669 /* MHFoundation */;
			targetProxy = EC6759A21DB15F4100838798 /* PBXContainerItemProxy */;
		};
/* End PBXTargetDependency section */

/* Begin XCBuildConfiguration section */
		EC31445F1D073A1A0025F669 /* Debug */ = {
			isa = XCBuildConfiguration;
			buildSettings = {
				ALWAYS_SEARCH_USER_PATHS = NO;
				CLANG_ANALYZER_NONNULL = YES;
				CLANG_CXX_LANGUAGE_STANDARD = "gnu++0x";
				CLANG_CXX_LIBRARY = "libc++";
				CLANG_ENABLE_MODULES = YES;
				CLANG_ENABLE_OBJC_ARC = YES;
				CLANG_WARN_BOOL_CONVERSION = YES;
				CLANG_WARN_CONSTANT_CONVERSION = YES;
				CLANG_WARN_DIRECT_OBJC_ISA_USAGE = YES_ERROR;
				CLANG_WARN_EMPTY_BODY = YES;
				CLANG_WARN_ENUM_CONVERSION = YES;
				CLANG_WARN_INT_CONVERSION = YES;
				CLANG_WARN_OBJC_ROOT_CLASS = YES_ERROR;
				CLANG_WARN_UNREACHABLE_CODE = YES;
				CLANG_WARN__DUPLICATE_METHOD_MATCH = YES;
				"CODE_SIGN_IDENTITY[sdk=iphoneos*]" = "iPhone Developer";
				COPY_PHASE_STRIP = NO;
				DEBUG_INFORMATION_FORMAT = dwarf;
				ENABLE_STRICT_OBJC_MSGSEND = YES;
				ENABLE_TESTABILITY = YES;
				GCC_C_LANGUAGE_STANDARD = gnu99;
				GCC_DYNAMIC_NO_PIC = NO;
				GCC_NO_COMMON_BLOCKS = YES;
				GCC_OPTIMIZATION_LEVEL = 0;
				GCC_PREPROCESSOR_DEFINITIONS = (
					"DEBUG=1",
					"$(inherited)",
				);
				GCC_WARN_64_TO_32_BIT_CONVERSION = YES;
				GCC_WARN_ABOUT_RETURN_TYPE = YES_ERROR;
				GCC_WARN_UNDECLARED_SELECTOR = YES;
				GCC_WARN_UNINITIALIZED_AUTOS = YES_AGGRESSIVE;
				GCC_WARN_UNUSED_FUNCTION = YES;
				GCC_WARN_UNUSED_VARIABLE = YES;
				IPHONEOS_DEPLOYMENT_TARGET = 9.3;
				MTL_ENABLE_DEBUG_INFO = YES;
				ONLY_ACTIVE_ARCH = YES;
				SDKROOT = iphoneos;
				TARGETED_DEVICE_FAMILY = "1,2";
			};
			name = Debug;
		};
		EC3144601D073A1A0025F669 /* Release */ = {
			isa = XCBuildConfiguration;
			buildSettings = {
				ALWAYS_SEARCH_USER_PATHS = NO;
				CLANG_ANALYZER_NONNULL = YES;
				CLANG_CXX_LANGUAGE_STANDARD = "gnu++0x";
				CLANG_CXX_LIBRARY = "libc++";
				CLANG_ENABLE_MODULES = YES;
				CLANG_ENABLE_OBJC_ARC = YES;
				CLANG_WARN_BOOL_CONVERSION = YES;
				CLANG_WARN_CONSTANT_CONVERSION = YES;
				CLANG_WARN_DIRECT_OBJC_ISA_USAGE = YES_ERROR;
				CLANG_WARN_EMPTY_BODY = YES;
				CLANG_WARN_ENUM_CONVERSION = YES;
				CLANG_WARN_INT_CONVERSION = YES;
				CLANG_WARN_OBJC_ROOT_CLASS = YES_ERROR;
				CLANG_WARN_UNREACHABLE_CODE = YES;
				CLANG_WARN__DUPLICATE_METHOD_MATCH = YES;
				"CODE_SIGN_IDENTITY[sdk=iphoneos*]" = "iPhone Developer";
				COPY_PHASE_STRIP = NO;
				DEBUG_INFORMATION_FORMAT = "dwarf-with-dsym";
				ENABLE_NS_ASSERTIONS = NO;
				ENABLE_STRICT_OBJC_MSGSEND = YES;
				GCC_C_LANGUAGE_STANDARD = gnu99;
				GCC_NO_COMMON_BLOCKS = YES;
				GCC_WARN_64_TO_32_BIT_CONVERSION = YES;
				GCC_WARN_ABOUT_RETURN_TYPE = YES_ERROR;
				GCC_WARN_UNDECLARED_SELECTOR = YES;
				GCC_WARN_UNINITIALIZED_AUTOS = YES_AGGRESSIVE;
				GCC_WARN_UNUSED_FUNCTION = YES;
				GCC_WARN_UNUSED_VARIABLE = YES;
				IPHONEOS_DEPLOYMENT_TARGET = 9.3;
				MTL_ENABLE_DEBUG_INFO = NO;
				SDKROOT = iphoneos;
				TARGETED_DEVICE_FAMILY = "1,2";
				VALIDATE_PRODUCT = YES;
			};
			name = Release;
		};
		EC3144621D073A1A0025F669 /* Debug */ = {
			isa = XCBuildConfiguration;
			buildSettings = {
				DEFINES_MODULE = YES;
				DYLIB_COMPATIBILITY_VERSION = 1;
				DYLIB_CURRENT_VERSION = 1;
				DYLIB_INSTALL_NAME_BASE = "@rpath";
				HEADER_SEARCH_PATHS = dependencies/GZIP;
				INFOPLIST_FILE = MHFoundation/Info.plist;
				INSTALL_PATH = "$(LOCAL_LIBRARY_DIR)/Frameworks";
				LD_RUNPATH_SEARCH_PATHS = "$(inherited) @executable_path/Frameworks @loader_path/Frameworks";
				PRODUCT_BUNDLE_IDENTIFIER = com.malhal.MHFoundation;
				PRODUCT_NAME = "$(TARGET_NAME)";
				SKIP_INSTALL = YES;
			};
			name = Debug;
		};
		EC3144631D073A1A0025F669 /* Release */ = {
			isa = XCBuildConfiguration;
			buildSettings = {
				DEFINES_MODULE = YES;
				DYLIB_COMPATIBILITY_VERSION = 1;
				DYLIB_CURRENT_VERSION = 1;
				DYLIB_INSTALL_NAME_BASE = "@rpath";
				HEADER_SEARCH_PATHS = dependencies/GZIP;
				INFOPLIST_FILE = MHFoundation/Info.plist;
				INSTALL_PATH = "$(LOCAL_LIBRARY_DIR)/Frameworks";
				LD_RUNPATH_SEARCH_PATHS = "$(inherited) @executable_path/Frameworks @loader_path/Frameworks";
				PRODUCT_BUNDLE_IDENTIFIER = com.malhal.MHFoundation;
				PRODUCT_NAME = "$(TARGET_NAME)";
				SKIP_INSTALL = YES;
			};
			name = Release;
		};
		EC3144651D073A1A0025F669 /* Debug */ = {
			isa = XCBuildConfiguration;
			buildSettings = {
				INFOPLIST_FILE = MHFoundationTests/Info.plist;
				LD_RUNPATH_SEARCH_PATHS = "$(inherited) @executable_path/Frameworks @loader_path/Frameworks";
				PRODUCT_BUNDLE_IDENTIFIER = com.malhal.MHFoundationTests;
				PRODUCT_NAME = "$(TARGET_NAME)";
			};
			name = Debug;
		};
		EC3144661D073A1A0025F669 /* Release */ = {
			isa = XCBuildConfiguration;
			buildSettings = {
				INFOPLIST_FILE = MHFoundationTests/Info.plist;
				LD_RUNPATH_SEARCH_PATHS = "$(inherited) @executable_path/Frameworks @loader_path/Frameworks";
				PRODUCT_BUNDLE_IDENTIFIER = com.malhal.MHFoundationTests;
				PRODUCT_NAME = "$(TARGET_NAME)";
			};
			name = Release;
		};
		EC67599E1DB15F1700838798 /* Debug */ = {
			isa = XCBuildConfiguration;
			buildSettings = {
				PRODUCT_NAME = "$(TARGET_NAME)";
			};
			name = Debug;
		};
		EC67599F1DB15F1700838798 /* Release */ = {
			isa = XCBuildConfiguration;
			buildSettings = {
				PRODUCT_NAME = "$(TARGET_NAME)";
			};
			name = Release;
		};
/* End XCBuildConfiguration section */

/* Begin XCConfigurationList section */
		EC3144471D073A1A0025F669 /* Build configuration list for PBXProject "MHFoundation" */ = {
			isa = XCConfigurationList;
			buildConfigurations = (
				EC31445F1D073A1A0025F669 /* Debug */,
				EC3144601D073A1A0025F669 /* Release */,
			);
			defaultConfigurationIsVisible = 0;
			defaultConfigurationName = Release;
		};
		EC3144611D073A1A0025F669 /* Build configuration list for PBXNativeTarget "MHFoundation" */ = {
			isa = XCConfigurationList;
			buildConfigurations = (
				EC3144621D073A1A0025F669 /* Debug */,
				EC3144631D073A1A0025F669 /* Release */,
			);
			defaultConfigurationIsVisible = 0;
			defaultConfigurationName = Release;
		};
		EC3144641D073A1A0025F669 /* Build configuration list for PBXNativeTarget "MHFoundationTests" */ = {
			isa = XCConfigurationList;
			buildConfigurations = (
				EC3144651D073A1A0025F669 /* Debug */,
				EC3144661D073A1A0025F669 /* Release */,
			);
			defaultConfigurationIsVisible = 0;
			defaultConfigurationName = Release;
		};
		EC6759A01DB15F1700838798 /* Build configuration list for PBXAggregateTarget "Namespace" */ = {
			isa = XCConfigurationList;
			buildConfigurations = (
				EC67599E1DB15F1700838798 /* Debug */,
				EC67599F1DB15F1700838798 /* Release */,
			);
			defaultConfigurationIsVisible = 0;
			defaultConfigurationName = Release;
		};
/* End XCConfigurationList section */
	};
	rootObject = EC3144441D073A1A0025F669 /* Project object */;
}
